{
  "name": "coleseus_survival",
  "lockfileVersion": 3,
  "requires": true,
  "packages": {
    "": {
      "dependencies": {
        "ecsy": "^0.4.2"
      }
    },
    "node_modules/ecsy": {
      "version": "0.4.2",
      "resolved": "https://registry.npmjs.org/ecsy/-/ecsy-0.4.2.tgz",
      "integrity": "sha512-dVKOkuz1IsRvS7GlHcWghUtMZzXr70h6b+SQEHlKy2RgsCRNDzdYr6a43Q6HafuquA/67YFZCQt8zqadq/jlLA==",
      "license": "MIT"
    }
  }
}
